
Microsoft Visual Studio Solution File, Format Version 12.00
Project("{FAE04EC0-301F-11D3-BF4B-00C04F79EFBC}") = "FluentUnit", "FluentUnit\FluentUnit.csproj", "{8DFD4BB1-4FB5-4621-9451-7B601192D55B}"
EndProject
Project("{FAE04EC0-301F-11D3-BF4B-00C04F79EFBC}") = "Tests", "Tests\Tests.csproj", "{E1B248E7-8E4A-4156-99BD-971DCD367AC0}"
EndProject
Global
	GlobalSection(SolutionConfigurationPlatforms) = preSolution
		Debug|Any CPU = Debug|Any CPU
		Release|Any CPU = Release|Any CPU
	EndGlobalSection
	GlobalSection(ProjectConfigurationPlatforms) = postSolution
		{8DFD4BB1-4FB5-4621-9451-7B601192D55B}.Debug|Any CPU.ActiveCfg = Debug|Any CPU
		{8DFD4BB1-4FB5-4621-9451-7B601192D55B}.Debug|Any CPU.Build.0 = Debug|Any CPU
		{8DFD4BB1-4FB5-4621-9451-7B601192D55B}.Release|Any CPU.ActiveCfg = Release|Any CPU
		{8DFD4BB1-4FB5-4621-9451-7B601192D55B}.Release|Any CPU.Build.0 = Release|Any CPU
		{E1B248E7-8E4A-4156-99BD-971DCD367AC0}.Debug|Any CPU.ActiveCfg = Debug|Any CPU
		{E1B248E7-8E4A-4156-99BD-971DCD367AC0}.Debug|Any CPU.Build.0 = Debug|Any CPU
		{E1B248E7-8E4A-4156-99BD-971DCD367AC0}.Release|Any CPU.ActiveCfg = Release|Any CPU
		{E1B248E7-8E4A-4156-99BD-971DCD367AC0}.Release|Any CPU.Build.0 = Release|Any CPU
	EndGlobalSection
EndGlobal
